
Microsoft Visual Studio Solution File, Format Version 12.00
# Visual Studio Version 17
VisualStudioVersion = 17.0.32112.339
MinimumVisualStudioVersion = 10.0.40219.1
Project("{9A19103F-16F7-4668-BE54-9A1E7A4F7556}") = "Mahamma.Domain", "Mahamma.Domain\Mahamma.Domain.csproj", "{7829F8B2-2036-41CA-AEF3-80AA5D000B70}"
EndProject
Project("{2150E333-8FDC-42A3-9474-1A3956D46DE8}") = "Mahamma.Base", "Mahamma.Base", "{BC4A3B2C-9644-46F4-8602-550A32732FDB}"
EndProject
Project("{9A19103F-16F7-4668-BE54-9A1E7A4F7556}") = "Mahamma.Base.Domain", "Mahamma.Base.Domain\Mahamma.Base.Domain.csproj", "{BCED59FA-F231-445A-9401-A3A0A0CFCBA8}"
EndProject
Project("{9A19103F-16F7-4668-BE54-9A1E7A4F7556}") = "Mahamma.Infrastructure", "Mahamma.Infrastructure\Mahamma.Infrastructure.csproj", "{0441E264-FA98-4B63-9C53-A49326F91749}"
EndProject
Project("{9A19103F-16F7-4668-BE54-9A1E7A4F7556}") = "Mahamma.AppService", "Mahamma.AppService\Mahamma.AppService.csproj", "{8CF75B21-4A3B-458C-A568-A50DDDE19126}"
EndProject
Project("{9A19103F-16F7-4668-BE54-9A1E7A4F7556}") = "Mahamma.Api", "Mahamma.Api\Mahamma.Api.csproj", "{2B65A168-4F41-47DE-AAD8-DF01DC2F434F}"
EndProject
Project("{9A19103F-16F7-4668-BE54-9A1E7A4F7556}") = "Mahamma.Base.Dto", "Mahamma.Base.Dto\Mahamma.Base.Dto.csproj", "{E5E439D3-954C-42A5-A50E-1533ABB70630}"
EndProject
Project("{2150E333-8FDC-42A3-9474-1A3956D46DE8}") = "Mahamma", "Mahamma", "{83026C4D-D89F-4FE8-8739-BA831D8A88F8}"
EndProject
Project("{2150E333-8FDC-42A3-9474-1A3956D46DE8}") = "Mahamma.Identity", "Mahamma.Identity", "{B9CF5832-BC75-4D62-B735-85F13B973E2B}"
EndProject
Project("{9A19103F-16F7-4668-BE54-9A1E7A4F7556}") = "Mahamma.Identity.Domain", "Mahamma.Identity.Domain\Mahamma.Identity.Domain.csproj", "{CAA1B3E0-5F44-4286-B06D-55191F6612BF}"
EndProject
Project("{9A19103F-16F7-4668-BE54-9A1E7A4F7556}") = "Mahamma.Identity.Infrastructure", "Mahamma.Identity.Infrastructure\Mahamma.Identity.Infrastructure.csproj", "{EDF84F9F-864C-4AF4-8179-14A65CED0C48}"
EndProject
Project("{9A19103F-16F7-4668-BE54-9A1E7A4F7556}") = "Mahamma.Identity.AppService", "Mahamma.Identity.AppService\Mahamma.Identity.AppService.csproj", "{84EC19C2-4873-44D0-B177-082AA7CDEA09}"
EndProject
Project("{9A19103F-16F7-4668-BE54-9A1E7A4F7556}") = "Mahamma.Identity.Api", "Mahamma.Identity.Api\Mahamma.Identity.Api.csproj", "{CABE3E5D-B8CA-47B7-A99E-6067DF312EFF}"
EndProject
Project("{9A19103F-16F7-4668-BE54-9A1E7A4F7556}") = "Mahamma.Identity.ApiClient", "Mahamma.Identity.ApiClient\Mahamma.Identity.ApiClient.csproj", "{6182EA36-9212-4D06-B4E4-4437DC49F633}"
EndProject
Project("{9A19103F-16F7-4668-BE54-9A1E7A4F7556}") = "Mahamma.Base.HttpRequest", "Mahamma.Base.HttpRequest\Mahamma.Base.HttpRequest.csproj", "{88621F1E-6CE9-48A5-A285-3679DE8D2088}"
EndProject
Project("{9A19103F-16F7-4668-BE54-9A1E7A4F7556}") = "Mahamma.ApiClient", "Mahamma.ApiClient\Mahamma.ApiClient.csproj", "{C3351E1E-74C5-4CF0-A1ED-55EAF16B3D6C}"
EndProject
Project("{2150E333-8FDC-42A3-9474-1A3956D46DE8}") = "Mahamma.Document", "Mahamma.Document", "{74F96A17-C20D-4B7F-B4F1-0161A00CA538}"
EndProject
Project("{9A19103F-16F7-4668-BE54-9A1E7A4F7556}") = "Mahamma.Document.Api", "Mahamma.Document.Api\Mahamma.Document.Api.csproj", "{E6E61963-B6D4-4960-A4AE-8793FE43E162}"
EndProject
Project("{9A19103F-16F7-4668-BE54-9A1E7A4F7556}") = "Mahamma.Document.AppService", "Mahamma.Document.AppService\Mahamma.Document.AppService.csproj", "{AE662DE6-B404-4555-8E9C-55AD4C90415B}"
EndProject
Project("{9A19103F-16F7-4668-BE54-9A1E7A4F7556}") = "Mahamma.Document.Domain", "Mahamma.Document.Domain\Mahamma.Document.Domain.csproj", "{1CA77B87-2481-4436-9725-EAE05F0BB984}"
EndProject
Project("{9A19103F-16F7-4668-BE54-9A1E7A4F7556}") = "Mahamma.Document.Infrastructure", "Mahamma.Document.Infrastructure\Mahamma.Document.Infrastructure.csproj", "{37596A72-A449-4616-9A4B-FC8F56BE00C4}"
EndProject
Project("{2150E333-8FDC-42A3-9474-1A3956D46DE8}") = "Mahamma.Notification", "Mahamma.Notification", "{5838AEEC-95BB-4FD2-9579-31A3ECAB454C}"
EndProject
Project("{9A19103F-16F7-4668-BE54-9A1E7A4F7556}") = "Mahamma.Notification.AppService", "Mahamma.Notification.AppService\Mahamma.Notification.AppService.csproj", "{5BC95DF5-518E-4DA5-A770-8E54213C9288}"
EndProject
Project("{9A19103F-16F7-4668-BE54-9A1E7A4F7556}") = "Mahamma.Notification.Domain", "Mahamma.Notification.Domain\Mahamma.Notification.Domain.csproj", "{9232A253-D77C-47A7-A598-A5CCF9C4167B}"
EndProject
Project("{9A19103F-16F7-4668-BE54-9A1E7A4F7556}") = "Mahamma.Notification.Infrastructure", "Mahamma.Notification.Infrastructure\Mahamma.Notification.Infrastructure.csproj", "{4EAD4BDD-EEB2-481B-9D17-F5DC5155BB36}"
EndProject
Project("{9A19103F-16F7-4668-BE54-9A1E7A4F7556}") = "Mahamma.Notification.Api", "Mahamma.Notification.Api\Mahamma.Notification.Api.csproj", "{BCA0594F-BF11-439B-A10E-BC65CD183C24}"
EndProject
Project("{9A19103F-16F7-4668-BE54-9A1E7A4F7556}") = "Mahamma.Notification.ApiClient", "Mahamma.Notification.ApiClient\Mahamma.Notification.ApiClient.csproj", "{A3D2C213-B806-461E-9F2D-494942638C7D}"
EndProject
Project("{9A19103F-16F7-4668-BE54-9A1E7A4F7556}") = "Mahamma.Base.Resources", "Mahamma.Base.Resources\Mahamma.Base.Resources.csproj", "{2EC83C02-1B6D-46A0-B013-C875E35F791E}"
EndProject
Project("{2150E333-8FDC-42A3-9474-1A3956D46DE8}") = "Mahamma.Helper", "Mahamma.Helper", "{3A2C0810-C0D1-4113-A2F9-F78FD1F0D21E}"
EndProject
Project("{9A19103F-16F7-4668-BE54-9A1E7A4F7556}") = "Mahamma.Helper.EmailSending", "Mahamma.Helper.EmailSending\Mahamma.Helper.EmailSending.csproj", "{E6865BCC-7C99-4CA4-9EE3-B8C3D778D0F8}"
EndProject
Project("{2150E333-8FDC-42A3-9474-1A3956D46DE8}") = "Mahamma.Integration", "Mahamma.Integration", "{ECA3D8FB-579B-4609-8534-E5A9B276918D}"
EndProject
Project("{9A19103F-16F7-4668-BE54-9A1E7A4F7556}") = "Mahamma.Integration.Meeting.Zoom", "Mahamma.Integration.Meeting.Zoom\Mahamma.Integration.Meeting.Zoom.csproj", "{D3789089-1FDF-44C0-AA18-3AC2EE3E5ED5}"
EndProject
Global
	GlobalSection(SolutionConfigurationPlatforms) = preSolution
		Debug|Any CPU = Debug|Any CPU
		Release|Any CPU = Release|Any CPU
	EndGlobalSection
	GlobalSection(ProjectConfigurationPlatforms) = postSolution
		{7829F8B2-2036-41CA-AEF3-80AA5D000B70}.Debug|Any CPU.ActiveCfg = Debug|Any CPU
		{7829F8B2-2036-41CA-AEF3-80AA5D000B70}.Debug|Any CPU.Build.0 = Debug|Any CPU
		{7829F8B2-2036-41CA-AEF3-80AA5D000B70}.Release|Any CPU.ActiveCfg = Release|Any CPU
		{7829F8B2-2036-41CA-AEF3-80AA5D000B70}.Release|Any CPU.Build.0 = Release|Any CPU
		{BCED59FA-F231-445A-9401-A3A0A0CFCBA8}.Debug|Any CPU.ActiveCfg = Debug|Any CPU
		{BCED59FA-F231-445A-9401-A3A0A0CFCBA8}.Debug|Any CPU.Build.0 = Debug|Any CPU
		{BCED59FA-F231-445A-9401-A3A0A0CFCBA8}.Release|Any CPU.ActiveCfg = Release|Any CPU
		{BCED59FA-F231-445A-9401-A3A0A0CFCBA8}.Release|Any CPU.Build.0 = Release|Any CPU
		{0441E264-FA98-4B63-9C53-A49326F91749}.Debug|Any CPU.ActiveCfg = Debug|Any CPU
		{0441E264-FA98-4B63-9C53-A49326F91749}.Debug|Any CPU.Build.0 = Debug|Any CPU
		{0441E264-FA98-4B63-9C53-A49326F91749}.Release|Any CPU.ActiveCfg = Release|Any CPU
		{0441E264-FA98-4B63-9C53-A49326F91749}.Release|Any CPU.Build.0 = Release|Any CPU
		{8CF75B21-4A3B-458C-A568-A50DDDE19126}.Debug|Any CPU.ActiveCfg = Debug|Any CPU
		{8CF75B21-4A3B-458C-A568-A50DDDE19126}.Debug|Any CPU.Build.0 = Debug|Any CPU
		{8CF75B21-4A3B-458C-A568-A50DDDE19126}.Release|Any CPU.ActiveCfg = Release|Any CPU
		{8CF75B21-4A3B-458C-A568-A50DDDE19126}.Release|Any CPU.Build.0 = Release|Any CPU
		{2B65A168-4F41-47DE-AAD8-DF01DC2F434F}.Debug|Any CPU.ActiveCfg = Debug|Any CPU
		{2B65A168-4F41-47DE-AAD8-DF01DC2F434F}.Debug|Any CPU.Build.0 = Debug|Any CPU
		{2B65A168-4F41-47DE-AAD8-DF01DC2F434F}.Release|Any CPU.ActiveCfg = Release|Any CPU
		{2B65A168-4F41-47DE-AAD8-DF01DC2F434F}.Release|Any CPU.Build.0 = Release|Any CPU
		{E5E439D3-954C-42A5-A50E-1533ABB70630}.Debug|Any CPU.ActiveCfg = Debug|Any CPU
		{E5E439D3-954C-42A5-A50E-1533ABB70630}.Debug|Any CPU.Build.0 = Debug|Any CPU
		{E5E439D3-954C-42A5-A50E-1533ABB70630}.Release|Any CPU.ActiveCfg = Release|Any CPU
		{E5E439D3-954C-42A5-A50E-1533ABB70630}.Release|Any CPU.Build.0 = Release|Any CPU
		{CAA1B3E0-5F44-4286-B06D-55191F6612BF}.Debug|Any CPU.ActiveCfg = Debug|Any CPU
		{CAA1B3E0-5F44-4286-B06D-55191F6612BF}.Debug|Any CPU.Build.0 = Debug|Any CPU
		{CAA1B3E0-5F44-4286-B06D-55191F6612BF}.Release|Any CPU.ActiveCfg = Release|Any CPU
		{CAA1B3E0-5F44-4286-B06D-55191F6612BF}.Release|Any CPU.Build.0 = Release|Any CPU
		{EDF84F9F-864C-4AF4-8179-14A65CED0C48}.Debug|Any CPU.ActiveCfg = Debug|Any CPU
		{EDF84F9F-864C-4AF4-8179-14A65CED0C48}.Debug|Any CPU.Build.0 = Debug|Any CPU
		{EDF84F9F-864C-4AF4-8179-14A65CED0C48}.Release|Any CPU.ActiveCfg = Release|Any CPU
		{EDF84F9F-864C-4AF4-8179-14A65CED0C48}.Release|Any CPU.Build.0 = Release|Any CPU
		{84EC19C2-4873-44D0-B177-082AA7CDEA09}.Debug|Any CPU.ActiveCfg = Debug|Any CPU
		{84EC19C2-4873-44D0-B177-082AA7CDEA09}.Debug|Any CPU.Build.0 = Debug|Any CPU
		{84EC19C2-4873-44D0-B177-082AA7CDEA09}.Release|Any CPU.ActiveCfg = Release|Any CPU
		{84EC19C2-4873-44D0-B177-082AA7CDEA09}.Release|Any CPU.Build.0 = Release|Any CPU
		{CABE3E5D-B8CA-47B7-A99E-6067DF312EFF}.Debug|Any CPU.ActiveCfg = Debug|Any CPU
		{CABE3E5D-B8CA-47B7-A99E-6067DF312EFF}.Debug|Any CPU.Build.0 = Debug|Any CPU
		{CABE3E5D-B8CA-47B7-A99E-6067DF312EFF}.Release|Any CPU.ActiveCfg = Release|Any CPU
		{CABE3E5D-B8CA-47B7-A99E-6067DF312EFF}.Release|Any CPU.Build.0 = Release|Any CPU
		{6182EA36-9212-4D06-B4E4-4437DC49F633}.Debug|Any CPU.ActiveCfg = Debug|Any CPU
		{6182EA36-9212-4D06-B4E4-4437DC49F633}.Debug|Any CPU.Build.0 = Debug|Any CPU
		{6182EA36-9212-4D06-B4E4-4437DC49F633}.Release|Any CPU.ActiveCfg = Release|Any CPU
		{6182EA36-9212-4D06-B4E4-4437DC49F633}.Release|Any CPU.Build.0 = Release|Any CPU
		{88621F1E-6CE9-48A5-A285-3679DE8D2088}.Debug|Any CPU.ActiveCfg = Debug|Any CPU
		{88621F1E-6CE9-48A5-A285-3679DE8D2088}.Debug|Any CPU.Build.0 = Debug|Any CPU
		{88621F1E-6CE9-48A5-A285-3679DE8D2088}.Release|Any CPU.ActiveCfg = Release|Any CPU
		{88621F1E-6CE9-48A5-A285-3679DE8D2088}.Release|Any CPU.Build.0 = Release|Any CPU
		{C3351E1E-74C5-4CF0-A1ED-55EAF16B3D6C}.Debug|Any CPU.ActiveCfg = Debug|Any CPU
		{C3351E1E-74C5-4CF0-A1ED-55EAF16B3D6C}.Debug|Any CPU.Build.0 = Debug|Any CPU
		{C3351E1E-74C5-4CF0-A1ED-55EAF16B3D6C}.Release|Any CPU.ActiveCfg = Release|Any CPU
		{C3351E1E-74C5-4CF0-A1ED-55EAF16B3D6C}.Release|Any CPU.Build.0 = Release|Any CPU
		{E6E61963-B6D4-4960-A4AE-8793FE43E162}.Debug|Any CPU.ActiveCfg = Debug|Any CPU
		{E6E61963-B6D4-4960-A4AE-8793FE43E162}.Debug|Any CPU.Build.0 = Debug|Any CPU
		{E6E61963-B6D4-4960-A4AE-8793FE43E162}.Release|Any CPU.ActiveCfg = Release|Any CPU
		{E6E61963-B6D4-4960-A4AE-8793FE43E162}.Release|Any CPU.Build.0 = Release|Any CPU
		{AE662DE6-B404-4555-8E9C-55AD4C90415B}.Debug|Any CPU.ActiveCfg = Debug|Any CPU
		{AE662DE6-B404-4555-8E9C-55AD4C90415B}.Debug|Any CPU.Build.0 = Debug|Any CPU
		{AE662DE6-B404-4555-8E9C-55AD4C90415B}.Release|Any CPU.ActiveCfg = Release|Any CPU
		{AE662DE6-B404-4555-8E9C-55AD4C90415B}.Release|Any CPU.Build.0 = Release|Any CPU
		{1CA77B87-2481-4436-9725-EAE05F0BB984}.Debug|Any CPU.ActiveCfg = Debug|Any CPU
		{1CA77B87-2481-4436-9725-EAE05F0BB984}.Debug|Any CPU.Build.0 = Debug|Any CPU
		{1CA77B87-2481-4436-9725-EAE05F0BB984}.Release|Any CPU.ActiveCfg = Release|Any CPU
		{1CA77B87-2481-4436-9725-EAE05F0BB984}.Release|Any CPU.Build.0 = Release|Any CPU
		{37596A72-A449-4616-9A4B-FC8F56BE00C4}.Debug|Any CPU.ActiveCfg = Debug|Any CPU
		{37596A72-A449-4616-9A4B-FC8F56BE00C4}.Debug|Any CPU.Build.0 = Debug|Any CPU
		{37596A72-A449-4616-9A4B-FC8F56BE00C4}.Release|Any CPU.ActiveCfg = Release|Any CPU
		{37596A72-A449-4616-9A4B-FC8F56BE00C4}.Release|Any CPU.Build.0 = Release|Any CPU
		{5BC95DF5-518E-4DA5-A770-8E54213C9288}.Debug|Any CPU.ActiveCfg = Debug|Any CPU
		{5BC95DF5-518E-4DA5-A770-8E54213C9288}.Debug|Any CPU.Build.0 = Debug|Any CPU
		{5BC95DF5-518E-4DA5-A770-8E54213C9288}.Release|Any CPU.ActiveCfg = Release|Any CPU
		{5BC95DF5-518E-4DA5-A770-8E54213C9288}.Release|Any CPU.Build.0 = Release|Any CPU
		{9232A253-D77C-47A7-A598-A5CCF9C4167B}.Debug|Any CPU.ActiveCfg = Debug|Any CPU
		{9232A253-D77C-47A7-A598-A5CCF9C4167B}.Debug|Any CPU.Build.0 = Debug|Any CPU
		{9232A253-D77C-47A7-A598-A5CCF9C4167B}.Release|Any CPU.ActiveCfg = Release|Any CPU
		{9232A253-D77C-47A7-A598-A5CCF9C4167B}.Release|Any CPU.Build.0 = Release|Any CPU
		{4EAD4BDD-EEB2-481B-9D17-F5DC5155BB36}.Debug|Any CPU.ActiveCfg = Debug|Any CPU
		{4EAD4BDD-EEB2-481B-9D17-F5DC5155BB36}.Debug|Any CPU.Build.0 = Debug|Any CPU
		{4EAD4BDD-EEB2-481B-9D17-F5DC5155BB36}.Release|Any CPU.ActiveCfg = Release|Any CPU
		{4EAD4BDD-EEB2-481B-9D17-F5DC5155BB36}.Release|Any CPU.Build.0 = Release|Any CPU
		{BCA0594F-BF11-439B-A10E-BC65CD183C24}.Debug|Any CPU.ActiveCfg = Debug|Any CPU
		{BCA0594F-BF11-439B-A10E-BC65CD183C24}.Debug|Any CPU.Build.0 = Debug|Any CPU
		{BCA0594F-BF11-439B-A10E-BC65CD183C24}.Release|Any CPU.ActiveCfg = Release|Any CPU
		{BCA0594F-BF11-439B-A10E-BC65CD183C24}.Release|Any CPU.Build.0 = Release|Any CPU
		{A3D2C213-B806-461E-9F2D-494942638C7D}.Debug|Any CPU.ActiveCfg = Debug|Any CPU
		{A3D2C213-B806-461E-9F2D-494942638C7D}.Debug|Any CPU.Build.0 = Debug|Any CPU
		{A3D2C213-B806-461E-9F2D-494942638C7D}.Release|Any CPU.ActiveCfg = Release|Any CPU
		{A3D2C213-B806-461E-9F2D-494942638C7D}.Release|Any CPU.Build.0 = Release|Any CPU
		{2EC83C02-1B6D-46A0-B013-C875E35F791E}.Debug|Any CPU.ActiveCfg = Debug|Any CPU
		{2EC83C02-1B6D-46A0-B013-C875E35F791E}.Debug|Any CPU.Build.0 = Debug|Any CPU
		{2EC83C02-1B6D-46A0-B013-C875E35F791E}.Release|Any CPU.ActiveCfg = Release|Any CPU
		{2EC83C02-1B6D-46A0-B013-C875E35F791E}.Release|Any CPU.Build.0 = Release|Any CPU
		{E6865BCC-7C99-4CA4-9EE3-B8C3D778D0F8}.Debug|Any CPU.ActiveCfg = Debug|Any CPU
		{E6865BCC-7C99-4CA4-9EE3-B8C3D778D0F8}.Debug|Any CPU.Build.0 = Debug|Any CPU
		{E6865BCC-7C99-4CA4-9EE3-B8C3D778D0F8}.Release|Any CPU.ActiveCfg = Release|Any CPU
		{E6865BCC-7C99-4CA4-9EE3-B8C3D778D0F8}.Release|Any CPU.Build.0 = Release|Any CPU
		{D3789089-1FDF-44C0-AA18-3AC2EE3E5ED5}.Debug|Any CPU.ActiveCfg = Debug|Any CPU
		{D3789089-1FDF-44C0-AA18-3AC2EE3E5ED5}.Debug|Any CPU.Build.0 = Debug|Any CPU
		{D3789089-1FDF-44C0-AA18-3AC2EE3E5ED5}.Release|Any CPU.ActiveCfg = Release|Any CPU
		{D3789089-1FDF-44C0-AA18-3AC2EE3E5ED5}.Release|Any CPU.Build.0 = Release|Any CPU
	EndGlobalSection
	GlobalSection(SolutionProperties) = preSolution
		HideSolutionNode = FALSE
	EndGlobalSection
	GlobalSection(NestedProjects) = preSolution
		{7829F8B2-2036-41CA-AEF3-80AA5D000B70} = {83026C4D-D89F-4FE8-8739-BA831D8A88F8}
		{BCED59FA-F231-445A-9401-A3A0A0CFCBA8} = {BC4A3B2C-9644-46F4-8602-550A32732FDB}
		{0441E264-FA98-4B63-9C53-A49326F91749} = {83026C4D-D89F-4FE8-8739-BA831D8A88F8}
		{8CF75B21-4A3B-458C-A568-A50DDDE19126} = {83026C4D-D89F-4FE8-8739-BA831D8A88F8}
		{2B65A168-4F41-47DE-AAD8-DF01DC2F434F} = {83026C4D-D89F-4FE8-8739-BA831D8A88F8}
		{E5E439D3-954C-42A5-A50E-1533ABB70630} = {BC4A3B2C-9644-46F4-8602-550A32732FDB}
		{CAA1B3E0-5F44-4286-B06D-55191F6612BF} = {B9CF5832-BC75-4D62-B735-85F13B973E2B}
		{EDF84F9F-864C-4AF4-8179-14A65CED0C48} = {B9CF5832-BC75-4D62-B735-85F13B973E2B}
		{84EC19C2-4873-44D0-B177-082AA7CDEA09} = {B9CF5832-BC75-4D62-B735-85F13B973E2B}
		{CABE3E5D-B8CA-47B7-A99E-6067DF312EFF} = {B9CF5832-BC75-4D62-B735-85F13B973E2B}
		{6182EA36-9212-4D06-B4E4-4437DC49F633} = {B9CF5832-BC75-4D62-B735-85F13B973E2B}
		{88621F1E-6CE9-48A5-A285-3679DE8D2088} = {BC4A3B2C-9644-46F4-8602-550A32732FDB}
		{C3351E1E-74C5-4CF0-A1ED-55EAF16B3D6C} = {83026C4D-D89F-4FE8-8739-BA831D8A88F8}
		{E6E61963-B6D4-4960-A4AE-8793FE43E162} = {74F96A17-C20D-4B7F-B4F1-0161A00CA538}
		{AE662DE6-B404-4555-8E9C-55AD4C90415B} = {74F96A17-C20D-4B7F-B4F1-0161A00CA538}
		{1CA77B87-2481-4436-9725-EAE05F0BB984} = {74F96A17-C20D-4B7F-B4F1-0161A00CA538}
		{37596A72-A449-4616-9A4B-FC8F56BE00C4} = {74F96A17-C20D-4B7F-B4F1-0161A00CA538}
		{5BC95DF5-518E-4DA5-A770-8E54213C9288} = {5838AEEC-95BB-4FD2-9579-31A3ECAB454C}
		{9232A253-D77C-47A7-A598-A5CCF9C4167B} = {5838AEEC-95BB-4FD2-9579-31A3ECAB454C}
		{4EAD4BDD-EEB2-481B-9D17-F5DC5155BB36} = {5838AEEC-95BB-4FD2-9579-31A3ECAB454C}
		{BCA0594F-BF11-439B-A10E-BC65CD183C24} = {5838AEEC-95BB-4FD2-9579-31A3ECAB454C}
		{A3D2C213-B806-461E-9F2D-494942638C7D} = {5838AEEC-95BB-4FD2-9579-31A3ECAB454C}
		{2EC83C02-1B6D-46A0-B013-C875E35F791E} = {BC4A3B2C-9644-46F4-8602-550A32732FDB}
		{E6865BCC-7C99-4CA4-9EE3-B8C3D778D0F8} = {3A2C0810-C0D1-4113-A2F9-F78FD1F0D21E}
		{ECA3D8FB-579B-4609-8534-E5A9B276918D} = {74F96A17-C20D-4B7F-B4F1-0161A00CA538}
		{D3789089-1FDF-44C0-AA18-3AC2EE3E5ED5} = {ECA3D8FB-579B-4609-8534-E5A9B276918D}
	EndGlobalSection
	GlobalSection(ExtensibilityGlobals) = postSolution
		SolutionGuid = {D5C74137-C933-493F-AD7E-53133CA2FC3E}
	EndGlobalSection
EndGlobal
